
Microsoft Visual Studio Solution File, Format Version 12.00
# Visual Studio Version 17
VisualStudioVersion = 17.4.33122.133
MinimumVisualStudioVersion = 10.0.40219.1
Project("{2150E333-8FDC-42A3-9474-1A3956D46DE8}") = "Application", "Application", "{52586B9A-01FC-4421-A592-D13687BF388B}"
EndProject
Project("{2150E333-8FDC-42A3-9474-1A3956D46DE8}") = "Infrastucture", "Infrastucture", "{99C4034D-6183-4D6B-A853-C045A57CA0E2}"
EndProject
Project("{2150E333-8FDC-42A3-9474-1A3956D46DE8}") = "Auth", "Auth", "{68C56C09-146F-4565-AB58-7CF1A2512721}"
EndProject
Project("{2150E333-8FDC-42A3-9474-1A3956D46DE8}") = "Dependency", "Dependency", "{C8EF7994-7C32-4843-A9AC-64229EF5523E}"
EndProject
Project("{2150E333-8FDC-42A3-9474-1A3956D46DE8}") = "Web", "Web", "{4358C689-8612-48CD-BD01-B394AA0BA3CA}"
EndProject
Project("{2150E333-8FDC-42A3-9474-1A3956D46DE8}") = "Gateway", "Gateway", "{BDBA902A-ED8E-4AD9-B40A-E9877207A58A}"
EndProject
Project("{2150E333-8FDC-42A3-9474-1A3956D46DE8}") = "Api", "Api", "{64E51414-B1AE-43E8-8362-42651C52E0E8}"
EndProject
Project("{2150E333-8FDC-42A3-9474-1A3956D46DE8}") = "Workers", "Workers", "{EF34A115-E54A-4730-8155-41562E2CC138}"
EndProject
Project("{2150E333-8FDC-42A3-9474-1A3956D46DE8}") = "Scheduler", "Scheduler", "{64600142-231A-4EB7-8822-0C8195931962}"
EndProject
Project("{2150E333-8FDC-42A3-9474-1A3956D46DE8}") = "Core", "Core", "{3502B7BC-0A79-48A3-B748-6CC8AB355D1B}"
EndProject
Project("{9A19103F-16F7-4668-BE54-9A1E7A4F7556}") = "Ekr.Core", "Ekr.Core\Ekr.Core.csproj", "{330AA91E-DED2-4006-9897-BCB77C634D6E}"
EndProject
Project("{9A19103F-16F7-4668-BE54-9A1E7A4F7556}") = "Ekr.Api.DataMaster", "Ekr.Api.DataMaster\Ekr.Api.DataMaster.csproj", "{B82DF1E0-00DF-4ABF-8F7B-A14D281410EF}"
EndProject
Project("{9A19103F-16F7-4668-BE54-9A1E7A4F7556}") = "Ekr.Dependency", "Ekr.Dependency\Ekr.Dependency.csproj", "{B42F9B39-C79D-4220-8821-8AE11A788CD9}"
EndProject
Project("{2150E333-8FDC-42A3-9474-1A3956D46DE8}") = "Data", "Data", "{804796D3-9414-4806-8226-413B2D5DAEB6}"
EndProject
Project("{2150E333-8FDC-42A3-9474-1A3956D46DE8}") = "Repository", "Repository", "{FA92E932-750B-43DD-A7B1-0965E0347538}"
EndProject
Project("{2150E333-8FDC-42A3-9474-1A3956D46DE8}") = "Services", "Services", "{4F90776C-DEC7-49D8-A898-87846F9E873A}"
EndProject
Project("{2150E333-8FDC-42A3-9474-1A3956D46DE8}") = "Mapper", "Mapper", "{57017229-9479-4CF0-904F-EB2DCEF5AEFD}"
EndProject
Project("{2150E333-8FDC-42A3-9474-1A3956D46DE8}") = "Business", "Business", "{48543951-DD33-40B4-9378-ADC0B6C62DE2}"
EndProject
Project("{9A19103F-16F7-4668-BE54-9A1E7A4F7556}") = "Ekr.Gateway", "Ekr.Gateway\Ekr.Gateway.csproj", "{0E35A09D-7065-40BB-9F08-A18E2875660E}"
EndProject
Project("{9A19103F-16F7-4668-BE54-9A1E7A4F7556}") = "Ekr.Business", "Ekr.Business\Ekr.Business.csproj", "{37DB04C3-AC06-4553-B3BE-CA57B81D7C41}"
EndProject
Project("{9A19103F-16F7-4668-BE54-9A1E7A4F7556}") = "Ekr.Business.Contracts", "Ekr.Business.Contracts\Ekr.Business.Contracts.csproj", "{73B3C853-8D76-4D93-A426-5430BCB3CE8E}"
EndProject
Project("{2150E333-8FDC-42A3-9474-1A3956D46DE8}") = "EF", "EF", "{CD0EFEA9-719F-41E6-93EE-97E1A6F93436}"
EndProject
Project("{2150E333-8FDC-42A3-9474-1A3956D46DE8}") = "Dapper", "Dapper", "{6EE629E7-465C-42CB-AD3A-FDB860A29F56}"
EndProject
Project("{9A19103F-16F7-4668-BE54-9A1E7A4F7556}") = "Ekr.Dapper.Connection", "Ekr.Dapper.Connection\Ekr.Dapper.Connection.csproj", "{6798A00D-D5DE-4568-A4E6-C92EC6F9EC2E}"
EndProject
Project("{9A19103F-16F7-4668-BE54-9A1E7A4F7556}") = "Ekr.Dapper.Connection.Contracts", "Ekr.Dapper.Connection.Contracts\Ekr.Dapper.Connection.Contracts.csproj", "{82D267A7-83E8-4C36-8A59-13AE61DA76C6}"
EndProject
Project("{9A19103F-16F7-4668-BE54-9A1E7A4F7556}") = "Ekr.Repository", "Ekr.Repository\Ekr.Repository.csproj", "{186D8A86-8523-4200-9183-BCC9F0295C0C}"
EndProject
Project("{9A19103F-16F7-4668-BE54-9A1E7A4F7556}") = "Ekr.Repository.Contracts", "Ekr.Repository.Contracts\Ekr.Repository.Contracts.csproj", "{1BB89E24-2354-4625-9AFC-3D478D0AC951}"
EndProject
Project("{9A19103F-16F7-4668-BE54-9A1E7A4F7556}") = "Ekr.Ef.Connection", "Ekr.Ef.Connection\Ekr.Ef.Connection.csproj", "{5BFF5A5E-9F83-4597-BD86-907BEFFE06FC}"
EndProject
Project("{9A19103F-16F7-4668-BE54-9A1E7A4F7556}") = "Ekr.Services", "Ekr.Services\Ekr.Services.csproj", "{02EEFAAC-B284-44F8-A96E-B8C8B6EAD5DD}"
EndProject
Project("{9A19103F-16F7-4668-BE54-9A1E7A4F7556}") = "Ekr.Api.DataEnrollment", "Ekr.Api.DataEnrollment\Ekr.Api.DataEnrollment.csproj", "{1A5D9877-D906-4BC0-A0DF-DED37280F16D}"
EndProject
Project("{9A19103F-16F7-4668-BE54-9A1E7A4F7556}") = "Ekr.Api.Identity", "Ekr.Api.Identity\Ekr.Api.Identity.csproj", "{BFD6E537-B519-4BED-9E40-960D59764B5A}"
EndProject
Project("{9A19103F-16F7-4668-BE54-9A1E7A4F7556}") = "Ekr.Auth", "Ekr.Auth\Ekr.Auth.csproj", "{49586967-77B9-43D3-B8D2-D3827A6409C4}"
EndProject
Project("{9A19103F-16F7-4668-BE54-9A1E7A4F7556}") = "Ekr.Auth.Contracts", "Ekr.Auth.Contracts\Ekr.Auth.Contracts.csproj", "{CEA8C8EE-71D5-404C-B37B-314389671B06}"
EndProject
Project("{9A19103F-16F7-4668-BE54-9A1E7A4F7556}") = "Ekr.Api.DataMatching", "Ekr.Api.DataMatching\Ekr.Api.DataMatching.csproj", "{F2BBD9C6-CE65-493A-AC26-FAEB7774BD7B}"
EndProject
Project("{9A19103F-16F7-4668-BE54-9A1E7A4F7556}") = "Ekr.Api.EnrollmentMonitoring", "Ekr.Api.EnrollmentMonitoring\Ekr.Api.EnrollmentMonitoring.csproj", "{88E85864-1CF9-4AAF-AE52-C4827DC09DF3}"
EndProject
Project("{9A19103F-16F7-4668-BE54-9A1E7A4F7556}") = "Ekr.Api.DataMigration", "Ekr.Api.DataMigration\Ekr.Api.DataMigration.csproj", "{6915D1E9-CD1A-4B6F-ACE8-091B7ED289A1}"
EndProject
Project("{9A19103F-16F7-4668-BE54-9A1E7A4F7556}") = "Ekr.Api.Log", "Ekr.Api.Log\Ekr.Api.Log.csproj", "{A2EC5166-4728-4C74-8C08-57547D6444F3}"
EndProject
Project("{9A19103F-16F7-4668-BE54-9A1E7A4F7556}") = "Ekr.Api.MappingNik", "Ekr.Api.MappingNik\Ekr.Api.MappingNik.csproj", "{63ECC6DF-B156-4F25-93F7-9D30FDFB7279}"
EndProject
Project("{9A19103F-16F7-4668-BE54-9A1E7A4F7556}") = "Ekr.Api.DataFingerIso", "Ekr.Api.DataFingerIso\Ekr.Api.DataFingerIso.csproj", "{0898194C-32C0-459C-A5AD-603942295E0B}"
EndProject
Project("{9A19103F-16F7-4668-BE54-9A1E7A4F7556}") = "Ekr.Api.Threshold", "Ekr.Api.Threshold\Ekr.Api.Threshold.csproj", "{2E445AA1-06F8-4F64-82E8-CD877F9AE2A8}"
EndProject
Project("{9A19103F-16F7-4668-BE54-9A1E7A4F7556}") = "Ekr.Api.IdentityAgent", "Ekr.Api.IdentityAgent\Ekr.Api.IdentityAgent.csproj", "{904E2B96-605E-4F9B-AF34-7FABB4C4FF05}"
EndProject
Project("{9A19103F-16F7-4668-BE54-9A1E7A4F7556}") = "Ekr.Api.IdentityThirdParty", "Ekr.Api.IdentityThirdParty\Ekr.Api.IdentityThirdParty.csproj", "{14B18ED3-730E-44C1-BD91-6CD4C3A490F4}"
EndProject
Project("{9A19103F-16F7-4668-BE54-9A1E7A4F7556}") = "Ekr.Gateway.ThirdParty", "Ekr.Gateway.ThirdParty\Ekr.Gateway.ThirdParty.csproj", "{AFED76AF-D1A6-4829-960F-B6F435832D3A}"
EndProject
Project("{9A19103F-16F7-4668-BE54-9A1E7A4F7556}") = "Ekr.Api.MessageCode", "Ekr.Api.MessageCode\Ekr.Api.MessageCode.csproj", "{1DD158BA-575B-4584-8EF2-265EA8EAF25F}"
EndProject
Project("{9A19103F-16F7-4668-BE54-9A1E7A4F7556}") = "Ekr.Api.EnrollmentNoMatching", "Ekr.Api.EnrollmentNoMatching\Ekr.Api.EnrollmentNoMatching.csproj", "{9C771C5A-31E8-496D-A316-ABD5F6FC68A1}"
EndProject
Project("{9A19103F-16F7-4668-BE54-9A1E7A4F7556}") = "Ekr.Api.DataMatchingNoMatching", "Ekr.Api.DataMatchingNoMatching\Ekr.Api.DataMatchingNoMatching.csproj", "{196D0DC7-8A9B-4D62-B670-0BFAA4BB2D83}"
EndProject
Project("{9A19103F-16F7-4668-BE54-9A1E7A4F7556}") = "Ekr.EnrollmentThirdParty", "Ekr.EnrollmentThirdParty\Ekr.EnrollmentThirdParty.csproj", "{75259B21-2EA5-42D8-A5D4-77460CEE1002}"
EndProject
Project("{9A19103F-16F7-4668-BE54-9A1E7A4F7556}") = "ConsoleWriteLog", "ConsoleWriteLog\ConsoleWriteLog.csproj", "{E8E68D3B-6158-4B3E-A7D1-0D800A16F8E8}"
EndProject
Project("{9A19103F-16F7-4668-BE54-9A1E7A4F7556}") = "Ekr.Api.EnrollmentIKD", "Ekr.Api.EnrollmentIKD\Ekr.Api.EnrollmentIKD.csproj", "{B9718D99-3C69-4105-BA2A-374C60961C0A}"
EndProject
Project("{9A19103F-16F7-4668-BE54-9A1E7A4F7556}") = "Ekr.MatchingThirdParty", "Ekr.MatchingThirdParty\Ekr.MatchingThirdParty.csproj", "{A57B9F5E-7965-47DB-9D99-338367531A94}"
EndProject
Project("{9A19103F-16F7-4668-BE54-9A1E7A4F7556}") = "Ekr.Api.MonitoringDataNoMatching", "Ekr.Api.MonitoringDataNoMatching\Ekr.Api.MonitoringDataNoMatching.csproj", "{4263C6F4-27AB-4336-8844-FF6761B3641C}"
EndProject
Global
	GlobalSection(SolutionConfigurationPlatforms) = preSolution
		Debug|Any CPU = Debug|Any CPU
		Debug|x64 = Debug|x64
		Release|Any CPU = Release|Any CPU
		Release|x64 = Release|x64
	EndGlobalSection
	GlobalSection(ProjectConfigurationPlatforms) = postSolution
		{330AA91E-DED2-4006-9897-BCB77C634D6E}.Debug|Any CPU.ActiveCfg = Debug|Any CPU
		{330AA91E-DED2-4006-9897-BCB77C634D6E}.Debug|Any CPU.Build.0 = Debug|Any CPU
		{330AA91E-DED2-4006-9897-BCB77C634D6E}.Debug|x64.ActiveCfg = Debug|Any CPU
		{330AA91E-DED2-4006-9897-BCB77C634D6E}.Debug|x64.Build.0 = Debug|Any CPU
		{330AA91E-DED2-4006-9897-BCB77C634D6E}.Release|Any CPU.ActiveCfg = Release|Any CPU
		{330AA91E-DED2-4006-9897-BCB77C634D6E}.Release|Any CPU.Build.0 = Release|Any CPU
		{330AA91E-DED2-4006-9897-BCB77C634D6E}.Release|x64.ActiveCfg = Release|Any CPU
		{330AA91E-DED2-4006-9897-BCB77C634D6E}.Release|x64.Build.0 = Release|Any CPU
		{B82DF1E0-00DF-4ABF-8F7B-A14D281410EF}.Debug|Any CPU.ActiveCfg = Debug|Any CPU
		{B82DF1E0-00DF-4ABF-8F7B-A14D281410EF}.Debug|Any CPU.Build.0 = Debug|Any CPU
		{B82DF1E0-00DF-4ABF-8F7B-A14D281410EF}.Debug|x64.ActiveCfg = Debug|Any CPU
		{B82DF1E0-00DF-4ABF-8F7B-A14D281410EF}.Debug|x64.Build.0 = Debug|Any CPU
		{B82DF1E0-00DF-4ABF-8F7B-A14D281410EF}.Release|Any CPU.ActiveCfg = Release|Any CPU
		{B82DF1E0-00DF-4ABF-8F7B-A14D281410EF}.Release|Any CPU.Build.0 = Release|Any CPU
		{B82DF1E0-00DF-4ABF-8F7B-A14D281410EF}.Release|x64.ActiveCfg = Release|Any CPU
		{B82DF1E0-00DF-4ABF-8F7B-A14D281410EF}.Release|x64.Build.0 = Release|Any CPU
		{B42F9B39-C79D-4220-8821-8AE11A788CD9}.Debug|Any CPU.ActiveCfg = Debug|Any CPU
		{B42F9B39-C79D-4220-8821-8AE11A788CD9}.Debug|Any CPU.Build.0 = Debug|Any CPU
		{B42F9B39-C79D-4220-8821-8AE11A788CD9}.Debug|x64.ActiveCfg = Debug|Any CPU
		{B42F9B39-C79D-4220-8821-8AE11A788CD9}.Debug|x64.Build.0 = Debug|Any CPU
		{B42F9B39-C79D-4220-8821-8AE11A788CD9}.Release|Any CPU.ActiveCfg = Release|Any CPU
		{B42F9B39-C79D-4220-8821-8AE11A788CD9}.Release|Any CPU.Build.0 = Release|Any CPU
		{B42F9B39-C79D-4220-8821-8AE11A788CD9}.Release|x64.ActiveCfg = Release|Any CPU
		{B42F9B39-C79D-4220-8821-8AE11A788CD9}.Release|x64.Build.0 = Release|Any CPU
		{0E35A09D-7065-40BB-9F08-A18E2875660E}.Debug|Any CPU.ActiveCfg = Debug|Any CPU
		{0E35A09D-7065-40BB-9F08-A18E2875660E}.Debug|Any CPU.Build.0 = Debug|Any CPU
		{0E35A09D-7065-40BB-9F08-A18E2875660E}.Debug|x64.ActiveCfg = Debug|Any CPU
		{0E35A09D-7065-40BB-9F08-A18E2875660E}.Debug|x64.Build.0 = Debug|Any CPU
		{0E35A09D-7065-40BB-9F08-A18E2875660E}.Release|Any CPU.ActiveCfg = Release|Any CPU
		{0E35A09D-7065-40BB-9F08-A18E2875660E}.Release|Any CPU.Build.0 = Release|Any CPU
		{0E35A09D-7065-40BB-9F08-A18E2875660E}.Release|x64.ActiveCfg = Release|Any CPU
		{0E35A09D-7065-40BB-9F08-A18E2875660E}.Release|x64.Build.0 = Release|Any CPU
		{37DB04C3-AC06-4553-B3BE-CA57B81D7C41}.Debug|Any CPU.ActiveCfg = Debug|Any CPU
		{37DB04C3-AC06-4553-B3BE-CA57B81D7C41}.Debug|Any CPU.Build.0 = Debug|Any CPU
		{37DB04C3-AC06-4553-B3BE-CA57B81D7C41}.Debug|x64.ActiveCfg = Debug|Any CPU
		{37DB04C3-AC06-4553-B3BE-CA57B81D7C41}.Debug|x64.Build.0 = Debug|Any CPU
		{37DB04C3-AC06-4553-B3BE-CA57B81D7C41}.Release|Any CPU.ActiveCfg = Release|Any CPU
		{37DB04C3-AC06-4553-B3BE-CA57B81D7C41}.Release|Any CPU.Build.0 = Release|Any CPU
		{37DB04C3-AC06-4553-B3BE-CA57B81D7C41}.Release|x64.ActiveCfg = Release|Any CPU
		{37DB04C3-AC06-4553-B3BE-CA57B81D7C41}.Release|x64.Build.0 = Release|Any CPU
		{73B3C853-8D76-4D93-A426-5430BCB3CE8E}.Debug|Any CPU.ActiveCfg = Debug|Any CPU
		{73B3C853-8D76-4D93-A426-5430BCB3CE8E}.Debug|Any CPU.Build.0 = Debug|Any CPU
		{73B3C853-8D76-4D93-A426-5430BCB3CE8E}.Debug|x64.ActiveCfg = Debug|Any CPU
		{73B3C853-8D76-4D93-A426-5430BCB3CE8E}.Debug|x64.Build.0 = Debug|Any CPU
		{73B3C853-8D76-4D93-A426-5430BCB3CE8E}.Release|Any CPU.ActiveCfg = Release|Any CPU
		{73B3C853-8D76-4D93-A426-5430BCB3CE8E}.Release|Any CPU.Build.0 = Release|Any CPU
		{73B3C853-8D76-4D93-A426-5430BCB3CE8E}.Release|x64.ActiveCfg = Release|Any CPU
		{73B3C853-8D76-4D93-A426-5430BCB3CE8E}.Release|x64.Build.0 = Release|Any CPU
		{6798A00D-D5DE-4568-A4E6-C92EC6F9EC2E}.Debug|Any CPU.ActiveCfg = Debug|Any CPU
		{6798A00D-D5DE-4568-A4E6-C92EC6F9EC2E}.Debug|Any CPU.Build.0 = Debug|Any CPU
		{6798A00D-D5DE-4568-A4E6-C92EC6F9EC2E}.Debug|x64.ActiveCfg = Debug|Any CPU
		{6798A00D-D5DE-4568-A4E6-C92EC6F9EC2E}.Debug|x64.Build.0 = Debug|Any CPU
		{6798A00D-D5DE-4568-A4E6-C92EC6F9EC2E}.Release|Any CPU.ActiveCfg = Release|Any CPU
		{6798A00D-D5DE-4568-A4E6-C92EC6F9EC2E}.Release|Any CPU.Build.0 = Release|Any CPU
		{6798A00D-D5DE-4568-A4E6-C92EC6F9EC2E}.Release|x64.ActiveCfg = Release|Any CPU
		{6798A00D-D5DE-4568-A4E6-C92EC6F9EC2E}.Release|x64.Build.0 = Release|Any CPU
		{82D267A7-83E8-4C36-8A59-13AE61DA76C6}.Debug|Any CPU.ActiveCfg = Debug|Any CPU
		{82D267A7-83E8-4C36-8A59-13AE61DA76C6}.Debug|Any CPU.Build.0 = Debug|Any CPU
		{82D267A7-83E8-4C36-8A59-13AE61DA76C6}.Debug|x64.ActiveCfg = Debug|Any CPU
		{82D267A7-83E8-4C36-8A59-13AE61DA76C6}.Debug|x64.Build.0 = Debug|Any CPU
		{82D267A7-83E8-4C36-8A59-13AE61DA76C6}.Release|Any CPU.ActiveCfg = Release|Any CPU
		{82D267A7-83E8-4C36-8A59-13AE61DA76C6}.Release|Any CPU.Build.0 = Release|Any CPU
		{82D267A7-83E8-4C36-8A59-13AE61DA76C6}.Release|x64.ActiveCfg = Release|Any CPU
		{82D267A7-83E8-4C36-8A59-13AE61DA76C6}.Release|x64.Build.0 = Release|Any CPU
		{186D8A86-8523-4200-9183-BCC9F0295C0C}.Debug|Any CPU.ActiveCfg = Debug|Any CPU
		{186D8A86-8523-4200-9183-BCC9F0295C0C}.Debug|Any CPU.Build.0 = Debug|Any CPU
		{186D8A86-8523-4200-9183-BCC9F0295C0C}.Debug|x64.ActiveCfg = Debug|Any CPU
		{186D8A86-8523-4200-9183-BCC9F0295C0C}.Debug|x64.Build.0 = Debug|Any CPU
		{186D8A86-8523-4200-9183-BCC9F0295C0C}.Release|Any CPU.ActiveCfg = Release|Any CPU
		{186D8A86-8523-4200-9183-BCC9F0295C0C}.Release|Any CPU.Build.0 = Release|Any CPU
		{186D8A86-8523-4200-9183-BCC9F0295C0C}.Release|x64.ActiveCfg = Release|Any CPU
		{186D8A86-8523-4200-9183-BCC9F0295C0C}.Release|x64.Build.0 = Release|Any CPU
		{1BB89E24-2354-4625-9AFC-3D478D0AC951}.Debug|Any CPU.ActiveCfg = Debug|Any CPU
		{1BB89E24-2354-4625-9AFC-3D478D0AC951}.Debug|Any CPU.Build.0 = Debug|Any CPU
		{1BB89E24-2354-4625-9AFC-3D478D0AC951}.Debug|x64.ActiveCfg = Debug|Any CPU
		{1BB89E24-2354-4625-9AFC-3D478D0AC951}.Debug|x64.Build.0 = Debug|Any CPU
		{1BB89E24-2354-4625-9AFC-3D478D0AC951}.Release|Any CPU.ActiveCfg = Release|Any CPU
		{1BB89E24-2354-4625-9AFC-3D478D0AC951}.Release|Any CPU.Build.0 = Release|Any CPU
		{1BB89E24-2354-4625-9AFC-3D478D0AC951}.Release|x64.ActiveCfg = Release|Any CPU
		{1BB89E24-2354-4625-9AFC-3D478D0AC951}.Release|x64.Build.0 = Release|Any CPU
		{5BFF5A5E-9F83-4597-BD86-907BEFFE06FC}.Debug|Any CPU.ActiveCfg = Debug|Any CPU
		{5BFF5A5E-9F83-4597-BD86-907BEFFE06FC}.Debug|Any CPU.Build.0 = Debug|Any CPU
		{5BFF5A5E-9F83-4597-BD86-907BEFFE06FC}.Debug|x64.ActiveCfg = Debug|Any CPU
		{5BFF5A5E-9F83-4597-BD86-907BEFFE06FC}.Debug|x64.Build.0 = Debug|Any CPU
		{5BFF5A5E-9F83-4597-BD86-907BEFFE06FC}.Release|Any CPU.ActiveCfg = Release|Any CPU
		{5BFF5A5E-9F83-4597-BD86-907BEFFE06FC}.Release|Any CPU.Build.0 = Release|Any CPU
		{5BFF5A5E-9F83-4597-BD86-907BEFFE06FC}.Release|x64.ActiveCfg = Release|Any CPU
		{5BFF5A5E-9F83-4597-BD86-907BEFFE06FC}.Release|x64.Build.0 = Release|Any CPU
		{02EEFAAC-B284-44F8-A96E-B8C8B6EAD5DD}.Debug|Any CPU.ActiveCfg = Debug|Any CPU
		{02EEFAAC-B284-44F8-A96E-B8C8B6EAD5DD}.Debug|Any CPU.Build.0 = Debug|Any CPU
		{02EEFAAC-B284-44F8-A96E-B8C8B6EAD5DD}.Debug|x64.ActiveCfg = Debug|Any CPU
		{02EEFAAC-B284-44F8-A96E-B8C8B6EAD5DD}.Debug|x64.Build.0 = Debug|Any CPU
		{02EEFAAC-B284-44F8-A96E-B8C8B6EAD5DD}.Release|Any CPU.ActiveCfg = Release|Any CPU
		{02EEFAAC-B284-44F8-A96E-B8C8B6EAD5DD}.Release|Any CPU.Build.0 = Release|Any CPU
		{02EEFAAC-B284-44F8-A96E-B8C8B6EAD5DD}.Release|x64.ActiveCfg = Release|Any CPU
		{02EEFAAC-B284-44F8-A96E-B8C8B6EAD5DD}.Release|x64.Build.0 = Release|Any CPU
		{1A5D9877-D906-4BC0-A0DF-DED37280F16D}.Debug|Any CPU.ActiveCfg = Debug|Any CPU
		{1A5D9877-D906-4BC0-A0DF-DED37280F16D}.Debug|Any CPU.Build.0 = Debug|Any CPU
		{1A5D9877-D906-4BC0-A0DF-DED37280F16D}.Debug|x64.ActiveCfg = Debug|Any CPU
		{1A5D9877-D906-4BC0-A0DF-DED37280F16D}.Debug|x64.Build.0 = Debug|Any CPU
		{1A5D9877-D906-4BC0-A0DF-DED37280F16D}.Release|Any CPU.ActiveCfg = Release|Any CPU
		{1A5D9877-D906-4BC0-A0DF-DED37280F16D}.Release|Any CPU.Build.0 = Release|Any CPU
		{1A5D9877-D906-4BC0-A0DF-DED37280F16D}.Release|x64.ActiveCfg = Release|Any CPU
		{1A5D9877-D906-4BC0-A0DF-DED37280F16D}.Release|x64.Build.0 = Release|Any CPU
		{BFD6E537-B519-4BED-9E40-960D59764B5A}.Debug|Any CPU.ActiveCfg = Debug|Any CPU
		{BFD6E537-B519-4BED-9E40-960D59764B5A}.Debug|Any CPU.Build.0 = Debug|Any CPU
		{BFD6E537-B519-4BED-9E40-960D59764B5A}.Debug|x64.ActiveCfg = Debug|Any CPU
		{BFD6E537-B519-4BED-9E40-960D59764B5A}.Debug|x64.Build.0 = Debug|Any CPU
		{BFD6E537-B519-4BED-9E40-960D59764B5A}.Release|Any CPU.ActiveCfg = Release|Any CPU
		{BFD6E537-B519-4BED-9E40-960D59764B5A}.Release|Any CPU.Build.0 = Release|Any CPU
		{BFD6E537-B519-4BED-9E40-960D59764B5A}.Release|x64.ActiveCfg = Release|x64
		{BFD6E537-B519-4BED-9E40-960D59764B5A}.Release|x64.Build.0 = Release|x64
		{49586967-77B9-43D3-B8D2-D3827A6409C4}.Debug|Any CPU.ActiveCfg = Debug|Any CPU
		{49586967-77B9-43D3-B8D2-D3827A6409C4}.Debug|Any CPU.Build.0 = Debug|Any CPU
		{49586967-77B9-43D3-B8D2-D3827A6409C4}.Debug|x64.ActiveCfg = Debug|Any CPU
		{49586967-77B9-43D3-B8D2-D3827A6409C4}.Debug|x64.Build.0 = Debug|Any CPU
		{49586967-77B9-43D3-B8D2-D3827A6409C4}.Release|Any CPU.ActiveCfg = Release|Any CPU
		{49586967-77B9-43D3-B8D2-D3827A6409C4}.Release|Any CPU.Build.0 = Release|Any CPU
		{49586967-77B9-43D3-B8D2-D3827A6409C4}.Release|x64.ActiveCfg = Release|Any CPU
		{49586967-77B9-43D3-B8D2-D3827A6409C4}.Release|x64.Build.0 = Release|Any CPU
		{CEA8C8EE-71D5-404C-B37B-314389671B06}.Debug|Any CPU.ActiveCfg = Debug|Any CPU
		{CEA8C8EE-71D5-404C-B37B-314389671B06}.Debug|Any CPU.Build.0 = Debug|Any CPU
		{CEA8C8EE-71D5-404C-B37B-314389671B06}.Debug|x64.ActiveCfg = Debug|Any CPU
		{CEA8C8EE-71D5-404C-B37B-314389671B06}.Debug|x64.Build.0 = Debug|Any CPU
		{CEA8C8EE-71D5-404C-B37B-314389671B06}.Release|Any CPU.ActiveCfg = Release|Any CPU
		{CEA8C8EE-71D5-404C-B37B-314389671B06}.Release|Any CPU.Build.0 = Release|Any CPU
		{CEA8C8EE-71D5-404C-B37B-314389671B06}.Release|x64.ActiveCfg = Release|Any CPU
		{CEA8C8EE-71D5-404C-B37B-314389671B06}.Release|x64.Build.0 = Release|Any CPU
		{F2BBD9C6-CE65-493A-AC26-FAEB7774BD7B}.Debug|Any CPU.ActiveCfg = Debug|Any CPU
		{F2BBD9C6-CE65-493A-AC26-FAEB7774BD7B}.Debug|Any CPU.Build.0 = Debug|Any CPU
		{F2BBD9C6-CE65-493A-AC26-FAEB7774BD7B}.Debug|x64.ActiveCfg = Debug|Any CPU
		{F2BBD9C6-CE65-493A-AC26-FAEB7774BD7B}.Debug|x64.Build.0 = Debug|Any CPU
		{F2BBD9C6-CE65-493A-AC26-FAEB7774BD7B}.Release|Any CPU.ActiveCfg = Release|Any CPU
		{F2BBD9C6-CE65-493A-AC26-FAEB7774BD7B}.Release|Any CPU.Build.0 = Release|Any CPU
		{F2BBD9C6-CE65-493A-AC26-FAEB7774BD7B}.Release|x64.ActiveCfg = Release|Any CPU
		{F2BBD9C6-CE65-493A-AC26-FAEB7774BD7B}.Release|x64.Build.0 = Release|Any CPU
		{88E85864-1CF9-4AAF-AE52-C4827DC09DF3}.Debug|Any CPU.ActiveCfg = Debug|Any CPU
		{88E85864-1CF9-4AAF-AE52-C4827DC09DF3}.Debug|Any CPU.Build.0 = Debug|Any CPU
		{88E85864-1CF9-4AAF-AE52-C4827DC09DF3}.Debug|x64.ActiveCfg = Debug|Any CPU
		{88E85864-1CF9-4AAF-AE52-C4827DC09DF3}.Debug|x64.Build.0 = Debug|Any CPU
		{88E85864-1CF9-4AAF-AE52-C4827DC09DF3}.Release|Any CPU.ActiveCfg = Release|Any CPU
		{88E85864-1CF9-4AAF-AE52-C4827DC09DF3}.Release|Any CPU.Build.0 = Release|Any CPU
		{88E85864-1CF9-4AAF-AE52-C4827DC09DF3}.Release|x64.ActiveCfg = Release|Any CPU
		{88E85864-1CF9-4AAF-AE52-C4827DC09DF3}.Release|x64.Build.0 = Release|Any CPU
		{6915D1E9-CD1A-4B6F-ACE8-091B7ED289A1}.Debug|Any CPU.ActiveCfg = Debug|Any CPU
		{6915D1E9-CD1A-4B6F-ACE8-091B7ED289A1}.Debug|Any CPU.Build.0 = Debug|Any CPU
		{6915D1E9-CD1A-4B6F-ACE8-091B7ED289A1}.Debug|x64.ActiveCfg = Debug|Any CPU
		{6915D1E9-CD1A-4B6F-ACE8-091B7ED289A1}.Debug|x64.Build.0 = Debug|Any CPU
		{6915D1E9-CD1A-4B6F-ACE8-091B7ED289A1}.Release|Any CPU.ActiveCfg = Release|Any CPU
		{6915D1E9-CD1A-4B6F-ACE8-091B7ED289A1}.Release|Any CPU.Build.0 = Release|Any CPU
		{6915D1E9-CD1A-4B6F-ACE8-091B7ED289A1}.Release|x64.ActiveCfg = Release|Any CPU
		{6915D1E9-CD1A-4B6F-ACE8-091B7ED289A1}.Release|x64.Build.0 = Release|Any CPU
		{A2EC5166-4728-4C74-8C08-57547D6444F3}.Debug|Any CPU.ActiveCfg = Debug|Any CPU
		{A2EC5166-4728-4C74-8C08-57547D6444F3}.Debug|Any CPU.Build.0 = Debug|Any CPU
		{A2EC5166-4728-4C74-8C08-57547D6444F3}.Debug|x64.ActiveCfg = Debug|Any CPU
		{A2EC5166-4728-4C74-8C08-57547D6444F3}.Release|Any CPU.ActiveCfg = Release|Any CPU
		{A2EC5166-4728-4C74-8C08-57547D6444F3}.Release|Any CPU.Build.0 = Release|Any CPU
		{A2EC5166-4728-4C74-8C08-57547D6444F3}.Release|x64.ActiveCfg = Release|Any CPU
		{63ECC6DF-B156-4F25-93F7-9D30FDFB7279}.Debug|Any CPU.ActiveCfg = Debug|Any CPU
		{63ECC6DF-B156-4F25-93F7-9D30FDFB7279}.Debug|Any CPU.Build.0 = Debug|Any CPU
		{63ECC6DF-B156-4F25-93F7-9D30FDFB7279}.Debug|x64.ActiveCfg = Debug|Any CPU
		{63ECC6DF-B156-4F25-93F7-9D30FDFB7279}.Debug|x64.Build.0 = Debug|Any CPU
		{63ECC6DF-B156-4F25-93F7-9D30FDFB7279}.Release|Any CPU.ActiveCfg = Release|Any CPU
		{63ECC6DF-B156-4F25-93F7-9D30FDFB7279}.Release|Any CPU.Build.0 = Release|Any CPU
		{63ECC6DF-B156-4F25-93F7-9D30FDFB7279}.Release|x64.ActiveCfg = Release|Any CPU
		{63ECC6DF-B156-4F25-93F7-9D30FDFB7279}.Release|x64.Build.0 = Release|Any CPU
		{0898194C-32C0-459C-A5AD-603942295E0B}.Debug|Any CPU.ActiveCfg = Debug|Any CPU
		{0898194C-32C0-459C-A5AD-603942295E0B}.Debug|Any CPU.Build.0 = Debug|Any CPU
		{0898194C-32C0-459C-A5AD-603942295E0B}.Debug|x64.ActiveCfg = Debug|Any CPU
		{0898194C-32C0-459C-A5AD-603942295E0B}.Debug|x64.Build.0 = Debug|Any CPU
		{0898194C-32C0-459C-A5AD-603942295E0B}.Release|Any CPU.ActiveCfg = Release|Any CPU
		{0898194C-32C0-459C-A5AD-603942295E0B}.Release|Any CPU.Build.0 = Release|Any CPU
		{0898194C-32C0-459C-A5AD-603942295E0B}.Release|x64.ActiveCfg = Release|Any CPU
		{0898194C-32C0-459C-A5AD-603942295E0B}.Release|x64.Build.0 = Release|Any CPU
		{2E445AA1-06F8-4F64-82E8-CD877F9AE2A8}.Debug|Any CPU.ActiveCfg = Debug|Any CPU
		{2E445AA1-06F8-4F64-82E8-CD877F9AE2A8}.Debug|Any CPU.Build.0 = Debug|Any CPU
		{2E445AA1-06F8-4F64-82E8-CD877F9AE2A8}.Debug|x64.ActiveCfg = Debug|Any CPU
		{2E445AA1-06F8-4F64-82E8-CD877F9AE2A8}.Debug|x64.Build.0 = Debug|Any CPU
		{2E445AA1-06F8-4F64-82E8-CD877F9AE2A8}.Release|Any CPU.ActiveCfg = Release|Any CPU
		{2E445AA1-06F8-4F64-82E8-CD877F9AE2A8}.Release|Any CPU.Build.0 = Release|Any CPU
		{2E445AA1-06F8-4F64-82E8-CD877F9AE2A8}.Release|x64.ActiveCfg = Release|Any CPU
		{2E445AA1-06F8-4F64-82E8-CD877F9AE2A8}.Release|x64.Build.0 = Release|Any CPU
		{904E2B96-605E-4F9B-AF34-7FABB4C4FF05}.Debug|Any CPU.ActiveCfg = Debug|Any CPU
		{904E2B96-605E-4F9B-AF34-7FABB4C4FF05}.Debug|Any CPU.Build.0 = Debug|Any CPU
		{904E2B96-605E-4F9B-AF34-7FABB4C4FF05}.Debug|x64.ActiveCfg = Debug|Any CPU
		{904E2B96-605E-4F9B-AF34-7FABB4C4FF05}.Debug|x64.Build.0 = Debug|Any CPU
		{904E2B96-605E-4F9B-AF34-7FABB4C4FF05}.Release|Any CPU.ActiveCfg = Release|Any CPU
		{904E2B96-605E-4F9B-AF34-7FABB4C4FF05}.Release|Any CPU.Build.0 = Release|Any CPU
		{904E2B96-605E-4F9B-AF34-7FABB4C4FF05}.Release|x64.ActiveCfg = Release|Any CPU
		{904E2B96-605E-4F9B-AF34-7FABB4C4FF05}.Release|x64.Build.0 = Release|Any CPU
		{14B18ED3-730E-44C1-BD91-6CD4C3A490F4}.Debug|Any CPU.ActiveCfg = Debug|Any CPU
		{14B18ED3-730E-44C1-BD91-6CD4C3A490F4}.Debug|Any CPU.Build.0 = Debug|Any CPU
		{14B18ED3-730E-44C1-BD91-6CD4C3A490F4}.Debug|x64.ActiveCfg = Debug|Any CPU
		{14B18ED3-730E-44C1-BD91-6CD4C3A490F4}.Debug|x64.Build.0 = Debug|Any CPU
		{14B18ED3-730E-44C1-BD91-6CD4C3A490F4}.Release|Any CPU.ActiveCfg = Release|Any CPU
		{14B18ED3-730E-44C1-BD91-6CD4C3A490F4}.Release|Any CPU.Build.0 = Release|Any CPU
		{14B18ED3-730E-44C1-BD91-6CD4C3A490F4}.Release|x64.ActiveCfg = Release|Any CPU
		{14B18ED3-730E-44C1-BD91-6CD4C3A490F4}.Release|x64.Build.0 = Release|Any CPU
		{AFED76AF-D1A6-4829-960F-B6F435832D3A}.Debug|Any CPU.ActiveCfg = Debug|Any CPU
		{AFED76AF-D1A6-4829-960F-B6F435832D3A}.Debug|Any CPU.Build.0 = Debug|Any CPU
		{AFED76AF-D1A6-4829-960F-B6F435832D3A}.Debug|x64.ActiveCfg = Debug|Any CPU
		{AFED76AF-D1A6-4829-960F-B6F435832D3A}.Debug|x64.Build.0 = Debug|Any CPU
		{AFED76AF-D1A6-4829-960F-B6F435832D3A}.Release|Any CPU.ActiveCfg = Release|Any CPU
		{AFED76AF-D1A6-4829-960F-B6F435832D3A}.Release|Any CPU.Build.0 = Release|Any CPU
		{AFED76AF-D1A6-4829-960F-B6F435832D3A}.Release|x64.ActiveCfg = Release|Any CPU
		{AFED76AF-D1A6-4829-960F-B6F435832D3A}.Release|x64.Build.0 = Release|Any CPU
		{1DD158BA-575B-4584-8EF2-265EA8EAF25F}.Debug|Any CPU.ActiveCfg = Debug|Any CPU
		{1DD158BA-575B-4584-8EF2-265EA8EAF25F}.Debug|Any CPU.Build.0 = Debug|Any CPU
		{1DD158BA-575B-4584-8EF2-265EA8EAF25F}.Debug|x64.ActiveCfg = Debug|Any CPU
		{1DD158BA-575B-4584-8EF2-265EA8EAF25F}.Debug|x64.Build.0 = Debug|Any CPU
		{1DD158BA-575B-4584-8EF2-265EA8EAF25F}.Release|Any CPU.ActiveCfg = Release|Any CPU
		{1DD158BA-575B-4584-8EF2-265EA8EAF25F}.Release|Any CPU.Build.0 = Release|Any CPU
		{1DD158BA-575B-4584-8EF2-265EA8EAF25F}.Release|x64.ActiveCfg = Release|Any CPU
		{1DD158BA-575B-4584-8EF2-265EA8EAF25F}.Release|x64.Build.0 = Release|Any CPU
		{9C771C5A-31E8-496D-A316-ABD5F6FC68A1}.Debug|Any CPU.ActiveCfg = Debug|Any CPU
		{9C771C5A-31E8-496D-A316-ABD5F6FC68A1}.Debug|Any CPU.Build.0 = Debug|Any CPU
		{9C771C5A-31E8-496D-A316-ABD5F6FC68A1}.Debug|x64.ActiveCfg = Debug|Any CPU
		{9C771C5A-31E8-496D-A316-ABD5F6FC68A1}.Debug|x64.Build.0 = Debug|Any CPU
		{9C771C5A-31E8-496D-A316-ABD5F6FC68A1}.Release|Any CPU.ActiveCfg = Release|Any CPU
		{9C771C5A-31E8-496D-A316-ABD5F6FC68A1}.Release|Any CPU.Build.0 = Release|Any CPU
		{9C771C5A-31E8-496D-A316-ABD5F6FC68A1}.Release|x64.ActiveCfg = Release|Any CPU
		{9C771C5A-31E8-496D-A316-ABD5F6FC68A1}.Release|x64.Build.0 = Release|Any CPU
		{196D0DC7-8A9B-4D62-B670-0BFAA4BB2D83}.Debug|Any CPU.ActiveCfg = Debug|Any CPU
		{196D0DC7-8A9B-4D62-B670-0BFAA4BB2D83}.Debug|Any CPU.Build.0 = Debug|Any CPU
		{196D0DC7-8A9B-4D62-B670-0BFAA4BB2D83}.Debug|x64.ActiveCfg = Debug|Any CPU
		{196D0DC7-8A9B-4D62-B670-0BFAA4BB2D83}.Debug|x64.Build.0 = Debug|Any CPU
		{196D0DC7-8A9B-4D62-B670-0BFAA4BB2D83}.Release|Any CPU.ActiveCfg = Release|Any CPU
		{196D0DC7-8A9B-4D62-B670-0BFAA4BB2D83}.Release|Any CPU.Build.0 = Release|Any CPU
		{196D0DC7-8A9B-4D62-B670-0BFAA4BB2D83}.Release|x64.ActiveCfg = Release|Any CPU
		{196D0DC7-8A9B-4D62-B670-0BFAA4BB2D83}.Release|x64.Build.0 = Release|Any CPU
		{75259B21-2EA5-42D8-A5D4-77460CEE1002}.Debug|Any CPU.ActiveCfg = Debug|Any CPU
		{75259B21-2EA5-42D8-A5D4-77460CEE1002}.Debug|Any CPU.Build.0 = Debug|Any CPU
		{75259B21-2EA5-42D8-A5D4-77460CEE1002}.Debug|x64.ActiveCfg = Debug|Any CPU
		{75259B21-2EA5-42D8-A5D4-77460CEE1002}.Debug|x64.Build.0 = Debug|Any CPU
		{75259B21-2EA5-42D8-A5D4-77460CEE1002}.Release|Any CPU.ActiveCfg = Release|Any CPU
		{75259B21-2EA5-42D8-A5D4-77460CEE1002}.Release|Any CPU.Build.0 = Release|Any CPU
		{75259B21-2EA5-42D8-A5D4-77460CEE1002}.Release|x64.ActiveCfg = Release|Any CPU
		{75259B21-2EA5-42D8-A5D4-77460CEE1002}.Release|x64.Build.0 = Release|Any CPU
		{E8E68D3B-6158-4B3E-A7D1-0D800A16F8E8}.Debug|Any CPU.ActiveCfg = Debug|Any CPU
		{E8E68D3B-6158-4B3E-A7D1-0D800A16F8E8}.Debug|Any CPU.Build.0 = Debug|Any CPU
		{E8E68D3B-6158-4B3E-A7D1-0D800A16F8E8}.Debug|x64.ActiveCfg = Debug|Any CPU
		{E8E68D3B-6158-4B3E-A7D1-0D800A16F8E8}.Debug|x64.Build.0 = Debug|Any CPU
		{E8E68D3B-6158-4B3E-A7D1-0D800A16F8E8}.Release|Any CPU.ActiveCfg = Release|Any CPU
		{E8E68D3B-6158-4B3E-A7D1-0D800A16F8E8}.Release|Any CPU.Build.0 = Release|Any CPU
		{E8E68D3B-6158-4B3E-A7D1-0D800A16F8E8}.Release|x64.ActiveCfg = Release|Any CPU
		{E8E68D3B-6158-4B3E-A7D1-0D800A16F8E8}.Release|x64.Build.0 = Release|Any CPU
		{B9718D99-3C69-4105-BA2A-374C60961C0A}.Debug|Any CPU.ActiveCfg = Debug|Any CPU
		{B9718D99-3C69-4105-BA2A-374C60961C0A}.Debug|Any CPU.Build.0 = Debug|Any CPU
		{B9718D99-3C69-4105-BA2A-374C60961C0A}.Debug|x64.ActiveCfg = Debug|Any CPU
		{B9718D99-3C69-4105-BA2A-374C60961C0A}.Debug|x64.Build.0 = Debug|Any CPU
		{B9718D99-3C69-4105-BA2A-374C60961C0A}.Release|Any CPU.ActiveCfg = Release|Any CPU
		{B9718D99-3C69-4105-BA2A-374C60961C0A}.Release|Any CPU.Build.0 = Release|Any CPU
		{B9718D99-3C69-4105-BA2A-374C60961C0A}.Release|x64.ActiveCfg = Release|Any CPU
		{B9718D99-3C69-4105-BA2A-374C60961C0A}.Release|x64.Build.0 = Release|Any CPU
		{A57B9F5E-7965-47DB-9D99-338367531A94}.Debug|Any CPU.ActiveCfg = Debug|Any CPU
		{A57B9F5E-7965-47DB-9D99-338367531A94}.Debug|Any CPU.Build.0 = Debug|Any CPU
		{A57B9F5E-7965-47DB-9D99-338367531A94}.Debug|x64.ActiveCfg = Debug|Any CPU
		{A57B9F5E-7965-47DB-9D99-338367531A94}.Debug|x64.Build.0 = Debug|Any CPU
		{A57B9F5E-7965-47DB-9D99-338367531A94}.Release|Any CPU.ActiveCfg = Release|Any CPU
		{A57B9F5E-7965-47DB-9D99-338367531A94}.Release|Any CPU.Build.0 = Release|Any CPU
		{A57B9F5E-7965-47DB-9D99-338367531A94}.Release|x64.ActiveCfg = Release|Any CPU
		{A57B9F5E-7965-47DB-9D99-338367531A94}.Release|x64.Build.0 = Release|Any CPU
		{4263C6F4-27AB-4336-8844-FF6761B3641C}.Debug|Any CPU.ActiveCfg = Debug|Any CPU
		{4263C6F4-27AB-4336-8844-FF6761B3641C}.Debug|Any CPU.Build.0 = Debug|Any CPU
		{4263C6F4-27AB-4336-8844-FF6761B3641C}.Debug|x64.ActiveCfg = Debug|Any CPU
		{4263C6F4-27AB-4336-8844-FF6761B3641C}.Debug|x64.Build.0 = Debug|Any CPU
		{4263C6F4-27AB-4336-8844-FF6761B3641C}.Release|Any CPU.ActiveCfg = Release|Any CPU
		{4263C6F4-27AB-4336-8844-FF6761B3641C}.Release|Any CPU.Build.0 = Release|Any CPU
		{4263C6F4-27AB-4336-8844-FF6761B3641C}.Release|x64.ActiveCfg = Release|Any CPU
		{4263C6F4-27AB-4336-8844-FF6761B3641C}.Release|x64.Build.0 = Release|Any CPU
	EndGlobalSection
	GlobalSection(SolutionProperties) = preSolution
		HideSolutionNode = FALSE
	EndGlobalSection
	GlobalSection(NestedProjects) = preSolution
		{BDBA902A-ED8E-4AD9-B40A-E9877207A58A} = {4358C689-8612-48CD-BD01-B394AA0BA3CA}
		{64E51414-B1AE-43E8-8362-42651C52E0E8} = {4358C689-8612-48CD-BD01-B394AA0BA3CA}
		{EF34A115-E54A-4730-8155-41562E2CC138} = {4358C689-8612-48CD-BD01-B394AA0BA3CA}
		{64600142-231A-4EB7-8822-0C8195931962} = {4358C689-8612-48CD-BD01-B394AA0BA3CA}
		{330AA91E-DED2-4006-9897-BCB77C634D6E} = {3502B7BC-0A79-48A3-B748-6CC8AB355D1B}
		{B82DF1E0-00DF-4ABF-8F7B-A14D281410EF} = {64E51414-B1AE-43E8-8362-42651C52E0E8}
		{B42F9B39-C79D-4220-8821-8AE11A788CD9} = {C8EF7994-7C32-4843-A9AC-64229EF5523E}
		{804796D3-9414-4806-8226-413B2D5DAEB6} = {99C4034D-6183-4D6B-A853-C045A57CA0E2}
		{FA92E932-750B-43DD-A7B1-0965E0347538} = {99C4034D-6183-4D6B-A853-C045A57CA0E2}
		{4F90776C-DEC7-49D8-A898-87846F9E873A} = {99C4034D-6183-4D6B-A853-C045A57CA0E2}
		{57017229-9479-4CF0-904F-EB2DCEF5AEFD} = {52586B9A-01FC-4421-A592-D13687BF388B}
		{48543951-DD33-40B4-9378-ADC0B6C62DE2} = {52586B9A-01FC-4421-A592-D13687BF388B}
		{0E35A09D-7065-40BB-9F08-A18E2875660E} = {BDBA902A-ED8E-4AD9-B40A-E9877207A58A}
		{37DB04C3-AC06-4553-B3BE-CA57B81D7C41} = {48543951-DD33-40B4-9378-ADC0B6C62DE2}
		{73B3C853-8D76-4D93-A426-5430BCB3CE8E} = {48543951-DD33-40B4-9378-ADC0B6C62DE2}
		{CD0EFEA9-719F-41E6-93EE-97E1A6F93436} = {804796D3-9414-4806-8226-413B2D5DAEB6}
		{6EE629E7-465C-42CB-AD3A-FDB860A29F56} = {804796D3-9414-4806-8226-413B2D5DAEB6}
		{6798A00D-D5DE-4568-A4E6-C92EC6F9EC2E} = {6EE629E7-465C-42CB-AD3A-FDB860A29F56}
		{82D267A7-83E8-4C36-8A59-13AE61DA76C6} = {6EE629E7-465C-42CB-AD3A-FDB860A29F56}
		{186D8A86-8523-4200-9183-BCC9F0295C0C} = {FA92E932-750B-43DD-A7B1-0965E0347538}
		{1BB89E24-2354-4625-9AFC-3D478D0AC951} = {FA92E932-750B-43DD-A7B1-0965E0347538}
		{5BFF5A5E-9F83-4597-BD86-907BEFFE06FC} = {CD0EFEA9-719F-41E6-93EE-97E1A6F93436}
		{02EEFAAC-B284-44F8-A96E-B8C8B6EAD5DD} = {4F90776C-DEC7-49D8-A898-87846F9E873A}
		{1A5D9877-D906-4BC0-A0DF-DED37280F16D} = {64E51414-B1AE-43E8-8362-42651C52E0E8}
		{BFD6E537-B519-4BED-9E40-960D59764B5A} = {64E51414-B1AE-43E8-8362-42651C52E0E8}
		{49586967-77B9-43D3-B8D2-D3827A6409C4} = {68C56C09-146F-4565-AB58-7CF1A2512721}
		{CEA8C8EE-71D5-404C-B37B-314389671B06} = {68C56C09-146F-4565-AB58-7CF1A2512721}
		{F2BBD9C6-CE65-493A-AC26-FAEB7774BD7B} = {64E51414-B1AE-43E8-8362-42651C52E0E8}
		{88E85864-1CF9-4AAF-AE52-C4827DC09DF3} = {64E51414-B1AE-43E8-8362-42651C52E0E8}
		{6915D1E9-CD1A-4B6F-ACE8-091B7ED289A1} = {64E51414-B1AE-43E8-8362-42651C52E0E8}
		{A2EC5166-4728-4C74-8C08-57547D6444F3} = {64E51414-B1AE-43E8-8362-42651C52E0E8}
		{63ECC6DF-B156-4F25-93F7-9D30FDFB7279} = {64E51414-B1AE-43E8-8362-42651C52E0E8}
		{0898194C-32C0-459C-A5AD-603942295E0B} = {64E51414-B1AE-43E8-8362-42651C52E0E8}
		{2E445AA1-06F8-4F64-82E8-CD877F9AE2A8} = {64E51414-B1AE-43E8-8362-42651C52E0E8}
		{904E2B96-605E-4F9B-AF34-7FABB4C4FF05} = {64E51414-B1AE-43E8-8362-42651C52E0E8}
		{14B18ED3-730E-44C1-BD91-6CD4C3A490F4} = {64E51414-B1AE-43E8-8362-42651C52E0E8}
		{AFED76AF-D1A6-4829-960F-B6F435832D3A} = {BDBA902A-ED8E-4AD9-B40A-E9877207A58A}
		{1DD158BA-575B-4584-8EF2-265EA8EAF25F} = {64E51414-B1AE-43E8-8362-42651C52E0E8}
		{9C771C5A-31E8-496D-A316-ABD5F6FC68A1} = {64E51414-B1AE-43E8-8362-42651C52E0E8}
		{196D0DC7-8A9B-4D62-B670-0BFAA4BB2D83} = {64E51414-B1AE-43E8-8362-42651C52E0E8}
		{75259B21-2EA5-42D8-A5D4-77460CEE1002} = {64E51414-B1AE-43E8-8362-42651C52E0E8}
		{E8E68D3B-6158-4B3E-A7D1-0D800A16F8E8} = {EF34A115-E54A-4730-8155-41562E2CC138}
		{B9718D99-3C69-4105-BA2A-374C60961C0A} = {64E51414-B1AE-43E8-8362-42651C52E0E8}
		{A57B9F5E-7965-47DB-9D99-338367531A94} = {64E51414-B1AE-43E8-8362-42651C52E0E8}
		{4263C6F4-27AB-4336-8844-FF6761B3641C} = {64E51414-B1AE-43E8-8362-42651C52E0E8}
	EndGlobalSection
	GlobalSection(ExtensibilityGlobals) = postSolution
		SolutionGuid = {9DD1234C-AD41-4DBF-85C4-2D9B0119E62E}
	EndGlobalSection
EndGlobal
